
Microsoft Visual Studio Solution File, Format Version 12.00
# Visual Studio 15
VisualStudioVersion = 15.0.28010.2046
MinimumVisualStudioVersion = 10.0.40219.1
Project("{FAE04EC0-301F-11D3-BF4B-00C04F79EFBC}") = "CqrsApp", "CqrsApp\CqrsApp.csproj", "{1EA4793A-01D3-4DD2-8F1D-A6E94B28487F}"
EndProject
Project("{FAE04EC0-301F-11D3-BF4B-00C04F79EFBC}") = "CqrsApp.ReadModel", "CqrsApp.ReadModel\CqrsApp.ReadModel.csproj", "{0A2BB0B1-2A3B-470A-B828-93EB839309C3}"
EndProject
Project("{FAE04EC0-301F-11D3-BF4B-00C04F79EFBC}") = "CqrsApp.Domain", "CqrsApp.Domain\CqrsApp.Domain.csproj", "{65DBB401-DFBB-4E3C-A054-747CCA3491B3}"
EndProject
Global
	GlobalSection(SolutionConfigurationPlatforms) = preSolution
		Debug|Any CPU = Debug|Any CPU
		Release|Any CPU = Release|Any CPU
	EndGlobalSection
	GlobalSection(ProjectConfigurationPlatforms) = postSolution
		{1EA4793A-01D3-4DD2-8F1D-A6E94B28487F}.Debug|Any CPU.ActiveCfg = Debug|Any CPU
		{1EA4793A-01D3-4DD2-8F1D-A6E94B28487F}.Debug|Any CPU.Build.0 = Debug|Any CPU
		{1EA4793A-01D3-4DD2-8F1D-A6E94B28487F}.Release|Any CPU.ActiveCfg = Release|Any CPU
		{1EA4793A-01D3-4DD2-8F1D-A6E94B28487F}.Release|Any CPU.Build.0 = Release|Any CPU
		{0A2BB0B1-2A3B-470A-B828-93EB839309C3}.Debug|Any CPU.ActiveCfg = Debug|Any CPU
		{0A2BB0B1-2A3B-470A-B828-93EB839309C3}.Debug|Any CPU.Build.0 = Debug|Any CPU
		{0A2BB0B1-2A3B-470A-B828-93EB839309C3}.Release|Any CPU.ActiveCfg = Release|Any CPU
		{0A2BB0B1-2A3B-470A-B828-93EB839309C3}.Release|Any CPU.Build.0 = Release|Any CPU
		{65DBB401-DFBB-4E3C-A054-747CCA3491B3}.Debug|Any CPU.ActiveCfg = Debug|Any CPU
		{65DBB401-DFBB-4E3C-A054-747CCA3491B3}.Debug|Any CPU.Build.0 = Debug|Any CPU
		{65DBB401-DFBB-4E3C-A054-747CCA3491B3}.Release|Any CPU.ActiveCfg = Release|Any CPU
		{65DBB401-DFBB-4E3C-A054-747CCA3491B3}.Release|Any CPU.Build.0 = Release|Any CPU
	EndGlobalSection
	GlobalSection(SolutionProperties) = preSolution
		HideSolutionNode = FALSE
	EndGlobalSection
	GlobalSection(ExtensibilityGlobals) = postSolution
		SolutionGuid = {35EB950C-79E8-4A61-8832-B6859206BD5D}
	EndGlobalSection
EndGlobal
